
Microsoft Visual Studio Solution File, Format Version 12.00
# Visual Studio Version 18
VisualStudioVersion = 18.9.12105.275 stable
MinimumVisualStudioVersion = 10.0.40219.1
Project("{9A19103F-16F7-4668-BE54-9A1E7A4F7556}") = "Journeys.Core", "Journeys.Core\Journeys.Core.csproj", "{80DB24B4-FA14-4A2B-8587-7D5774C541CB}"
EndProject
Project("{2150E333-8FDC-42A3-9474-1A3956D46DE8}") = "Journeys.Infra", "Journeys.Infra", "{310A580B-7130-4D07-B2BF-7C6CDBC1B24B}"
EndProject
Project("{9A19103F-16F7-4668-BE54-9A1E7A4F7556}") = "Journeys.Infra.BlobStorage", "Journeys.Infra\Journeys.Infra.BlobStorage\Journeys.Infra.BlobStorage.csproj", "{6CA6DB92-E958-40CA-A2B8-4AD16D540C0A}"
EndProject
Project("{9A19103F-16F7-4668-BE54-9A1E7A4F7556}") = "Journeys.DAL", "Journeys.DAL\Journeys.DAL.csproj", "{62B3A9E9-B85E-40D8-838F-73066A423A97}"
EndProject
Project("{9A19103F-16F7-4668-BE54-9A1E7A4F7556}") = "Journeys.DTO", "Journeys.DTO\Journeys.DTO.csproj", "{A2F3EE60-7579-4C53-8EF6-9E4D53F1468F}"
EndProject
Project("{2150E333-8FDC-42A3-9474-1A3956D46DE8}") = "Postman", "Postman", "{C697F19E-4BC2-4B87-8154-34E0E6E27AFF}"
EndProject
Project("{9A19103F-16F7-4668-BE54-9A1E7A4F7556}") = "Journeys.Tests", "Journeys.Tests\Journeys.Tests.csproj", "{0C13C8E8-ECED-47F7-B202-7917A024A667}"
EndProject
Project("{9A19103F-16F7-4668-BE54-9A1E7A4F7556}") = "Journeys.Infra.ServiceBus", "Journeys.Infra\Journeys.Infra.ServiceBus\Journeys.Infra.ServiceBus.csproj", "{06C5D101-E1C9-4DE6-BDF3-4D081D62CED6}"
EndProject
Project("{9A19103F-16F7-4668-BE54-9A1E7A4F7556}") = "Journeys.API", "Journeys.API\Journeys.API.csproj", "{9BF645DF-4F94-41C9-9413-C589A4153B91}"
EndProject
Project("{9A19103F-16F7-4668-BE54-9A1E7A4F7556}") = "Journeys.Infra.DataLake", "Journeys.Infra\Journeys.Infra.DataLake\Journeys.Infra.DataLake.csproj", "{88D193C7-9A21-45D2-8CC2-47BADA750CB2}"
EndProject
Project("{9A19103F-16F7-4668-BE54-9A1E7A4F7556}") = "Journeys.Infra.Auth", "Journeys.Infra.Auth\Journeys.Infra.Auth.csproj", "{4CDEE9F6-9F39-4B8B-ABE5-8748EE4274BC}"
EndProject
Project("{9A19103F-16F7-4668-BE54-9A1E7A4F7556}") = "Journeys.Notification", "Journeys.Notification\Journeys.Notification.csproj", "{B7B06296-397C-46F5-A543-930255997EDD}"
EndProject
Project("{FAE04EC0-301F-11D3-BF4B-00C04F79EFBC}") = "Journeys.Infra.Backend", "Journeys.Infra.Backend\Journeys.Infra.Backend.csproj", "{F59CDD0C-0053-4B2A-B785-0BDA4CC239AC}"
EndProject
Project("{FAE04EC0-301F-11D3-BF4B-00C04F79EFBC}") = "Journeys.Agent", "Journeys.Agent\Journeys.Agent.csproj", "{39897CD0-D982-42DA-9DCF-54E175DBFA9A}"
EndProject
Project("{2150E333-8FDC-42A3-9474-1A3956D46DE8}") = "Solution Items", "Solution Items", "{8EC462FD-D22E-90A8-E5CE-7E832BA40C5D}"
	ProjectSection(SolutionItems) = preProject
		.cursorrules = .cursorrules
	EndProjectSection
EndProject
Project("{FAE04EC0-301F-11D3-BF4B-00C04F79EFBC}") = "Journeys.CampaignAgent.Remediation", "Journeys.CampaignAgent.Remediation\Journeys.CampaignAgent.Remediation.csproj", "{33A703D1-91BB-4D38-8F83-9C2E12D277A4}"
EndProject
Global
	GlobalSection(SolutionConfigurationPlatforms) = preSolution
		Debug|Any CPU = Debug|Any CPU
		Debug|x64 = Debug|x64
		Debug|x86 = Debug|x86
		Release|Any CPU = Release|Any CPU
		Release|x64 = Release|x64
		Release|x86 = Release|x86
	EndGlobalSection
	GlobalSection(ProjectConfigurationPlatforms) = postSolution
		{80DB24B4-FA14-4A2B-8587-7D5774C541CB}.Debug|Any CPU.ActiveCfg = Debug|Any CPU
		{80DB24B4-FA14-4A2B-8587-7D5774C541CB}.Debug|Any CPU.Build.0 = Debug|Any CPU
		{80DB24B4-FA14-4A2B-8587-7D5774C541CB}.Debug|x64.ActiveCfg = Debug|Any CPU
		{80DB24B4-FA14-4A2B-8587-7D5774C541CB}.Debug|x64.Build.0 = Debug|Any CPU
		{80DB24B4-FA14-4A2B-8587-7D5774C541CB}.Debug|x86.ActiveCfg = Debug|Any CPU
		{80DB24B4-FA14-4A2B-8587-7D5774C541CB}.Debug|x86.Build.0 = Debug|Any CPU
		{80DB24B4-FA14-4A2B-8587-7D5774C541CB}.Release|Any CPU.ActiveCfg = Release|Any CPU
		{80DB24B4-FA14-4A2B-8587-7D5774C541CB}.Release|Any CPU.Build.0 = Release|Any CPU
		{80DB24B4-FA14-4A2B-8587-7D5774C541CB}.Release|x64.ActiveCfg = Release|Any CPU
		{80DB24B4-FA14-4A2B-8587-7D5774C541CB}.Release|x64.Build.0 = Release|Any CPU
		{80DB24B4-FA14-4A2B-8587-7D5774C541CB}.Release|x86.ActiveCfg = Release|Any CPU
		{80DB24B4-FA14-4A2B-8587-7D5774C541CB}.Release|x86.Build.0 = Release|Any CPU
		{6CA6DB92-E958-40CA-A2B8-4AD16D540C0A}.Debug|Any CPU.ActiveCfg = Debug|Any CPU
		{6CA6DB92-E958-40CA-A2B8-4AD16D540C0A}.Debug|Any CPU.Build.0 = Debug|Any CPU
		{6CA6DB92-E958-40CA-A2B8-4AD16D540C0A}.Debug|x64.ActiveCfg = Debug|Any CPU
		{6CA6DB92-E958-40CA-A2B8-4AD16D540C0A}.Debug|x64.Build.0 = Debug|Any CPU
		{6CA6DB92-E958-40CA-A2B8-4AD16D540C0A}.Debug|x86.ActiveCfg = Debug|Any CPU
		{6CA6DB92-E958-40CA-A2B8-4AD16D540C0A}.Debug|x86.Build.0 = Debug|Any CPU
		{6CA6DB92-E958-40CA-A2B8-4AD16D540C0A}.Release|Any CPU.ActiveCfg = Release|Any CPU
		{6CA6DB92-E958-40CA-A2B8-4AD16D540C0A}.Release|Any CPU.Build.0 = Release|Any CPU
		{6CA6DB92-E958-40CA-A2B8-4AD16D540C0A}.Release|x64.ActiveCfg = Release|Any CPU
		{6CA6DB92-E958-40CA-A2B8-4AD16D540C0A}.Release|x64.Build.0 = Release|Any CPU
		{6CA6DB92-E958-40CA-A2B8-4AD16D540C0A}.Release|x86.ActiveCfg = Release|Any CPU
		{6CA6DB92-E958-40CA-A2B8-4AD16D540C0A}.Release|x86.Build.0 = Release|Any CPU
		{62B3A9E9-B85E-40D8-838F-73066A423A97}.Debug|Any CPU.ActiveCfg = Debug|Any CPU
		{62B3A9E9-B85E-40D8-838F-73066A423A97}.Debug|Any CPU.Build.0 = Debug|Any CPU
		{62B3A9E9-B85E-40D8-838F-73066A423A97}.Debug|x64.ActiveCfg = Debug|Any CPU
		{62B3A9E9-B85E-40D8-838F-73066A423A97}.Debug|x64.Build.0 = Debug|Any CPU
		{62B3A9E9-B85E-40D8-838F-73066A423A97}.Debug|x86.ActiveCfg = Debug|Any CPU
		{62B3A9E9-B85E-40D8-838F-73066A423A97}.Debug|x86.Build.0 = Debug|Any CPU
		{62B3A9E9-B85E-40D8-838F-73066A423A97}.Release|Any CPU.ActiveCfg = Release|Any CPU
		{62B3A9E9-B85E-40D8-838F-73066A423A97}.Release|Any CPU.Build.0 = Release|Any CPU
		{62B3A9E9-B85E-40D8-838F-73066A423A97}.Release|x64.ActiveCfg = Release|Any CPU
		{62B3A9E9-B85E-40D8-838F-73066A423A97}.Release|x64.Build.0 = Release|Any CPU
		{62B3A9E9-B85E-40D8-838F-73066A423A97}.Release|x86.ActiveCfg = Release|Any CPU
		{62B3A9E9-B85E-40D8-838F-73066A423A97}.Release|x86.Build.0 = Release|Any CPU
		{A2F3EE60-7579-4C53-8EF6-9E4D53F1468F}.Debug|Any CPU.ActiveCfg = Debug|Any CPU
		{A2F3EE60-7579-4C53-8EF6-9E4D53F1468F}.Debug|Any CPU.Build.0 = Debug|Any CPU
		{A2F3EE60-7579-4C53-8EF6-9E4D53F1468F}.Debug|x64.ActiveCfg = Debug|Any CPU
		{A2F3EE60-7579-4C53-8EF6-9E4D53F1468F}.Debug|x64.Build.0 = Debug|Any CPU
		{A2F3EE60-7579-4C53-8EF6-9E4D53F1468F}.Debug|x86.ActiveCfg = Debug|Any CPU
		{A2F3EE60-7579-4C53-8EF6-9E4D53F1468F}.Debug|x86.Build.0 = Debug|Any CPU
		{A2F3EE60-7579-4C53-8EF6-9E4D53F1468F}.Release|Any CPU.ActiveCfg = Release|Any CPU
		{A2F3EE60-7579-4C53-8EF6-9E4D53F1468F}.Release|Any CPU.Build.0 = Release|Any CPU
		{A2F3EE60-7579-4C53-8EF6-9E4D53F1468F}.Release|x64.ActiveCfg = Release|Any CPU
		{A2F3EE60-7579-4C53-8EF6-9E4D53F1468F}.Release|x64.Build.0 = Release|Any CPU
		{A2F3EE60-7579-4C53-8EF6-9E4D53F1468F}.Release|x86.ActiveCfg = Release|Any CPU
		{A2F3EE60-7579-4C53-8EF6-9E4D53F1468F}.Release|x86.Build.0 = Release|Any CPU
		{0C13C8E8-ECED-47F7-B202-7917A024A667}.Debug|Any CPU.ActiveCfg = Debug|Any CPU
		{0C13C8E8-ECED-47F7-B202-7917A024A667}.Debug|Any CPU.Build.0 = Debug|Any CPU
		{0C13C8E8-ECED-47F7-B202-7917A024A667}.Debug|x64.ActiveCfg = Debug|Any CPU
		{0C13C8E8-ECED-47F7-B202-7917A024A667}.Debug|x64.Build.0 = Debug|Any CPU
		{0C13C8E8-ECED-47F7-B202-7917A024A667}.Debug|x86.ActiveCfg = Debug|Any CPU
		{0C13C8E8-ECED-47F7-B202-7917A024A667}.Debug|x86.Build.0 = Debug|Any CPU
		{0C13C8E8-ECED-47F7-B202-7917A024A667}.Release|Any CPU.ActiveCfg = Release|Any CPU
		{0C13C8E8-ECED-47F7-B202-7917A024A667}.Release|Any CPU.Build.0 = Release|Any CPU
		{0C13C8E8-ECED-47F7-B202-7917A024A667}.Release|x64.ActiveCfg = Release|Any CPU
		{0C13C8E8-ECED-47F7-B202-7917A024A667}.Release|x64.Build.0 = Release|Any CPU
		{0C13C8E8-ECED-47F7-B202-7917A024A667}.Release|x86.ActiveCfg = Release|Any CPU
		{0C13C8E8-ECED-47F7-B202-7917A024A667}.Release|x86.Build.0 = Release|Any CPU
		{06C5D101-E1C9-4DE6-BDF3-4D081D62CED6}.Debug|Any CPU.ActiveCfg = Debug|Any CPU
		{06C5D101-E1C9-4DE6-BDF3-4D081D62CED6}.Debug|Any CPU.Build.0 = Debug|Any CPU
		{06C5D101-E1C9-4DE6-BDF3-4D081D62CED6}.Debug|x64.ActiveCfg = Debug|Any CPU
		{06C5D101-E1C9-4DE6-BDF3-4D081D62CED6}.Debug|x64.Build.0 = Debug|Any CPU
		{06C5D101-E1C9-4DE6-BDF3-4D081D62CED6}.Debug|x86.ActiveCfg = Debug|Any CPU
		{06C5D101-E1C9-4DE6-BDF3-4D081D62CED6}.Debug|x86.Build.0 = Debug|Any CPU
		{06C5D101-E1C9-4DE6-BDF3-4D081D62CED6}.Release|Any CPU.ActiveCfg = Release|Any CPU
		{06C5D101-E1C9-4DE6-BDF3-4D081D62CED6}.Release|Any CPU.Build.0 = Release|Any CPU
		{06C5D101-E1C9-4DE6-BDF3-4D081D62CED6}.Release|x64.ActiveCfg = Release|Any CPU
		{06C5D101-E1C9-4DE6-BDF3-4D081D62CED6}.Release|x64.Build.0 = Release|Any CPU
		{06C5D101-E1C9-4DE6-BDF3-4D081D62CED6}.Release|x86.ActiveCfg = Release|Any CPU
		{06C5D101-E1C9-4DE6-BDF3-4D081D62CED6}.Release|x86.Build.0 = Release|Any CPU
		{9BF645DF-4F94-41C9-9413-C589A4153B91}.Debug|Any CPU.ActiveCfg = Debug|Any CPU
		{9BF645DF-4F94-41C9-9413-C589A4153B91}.Debug|Any CPU.Build.0 = Debug|Any CPU
		{9BF645DF-4F94-41C9-9413-C589A4153B91}.Debug|x64.ActiveCfg = Debug|Any CPU
		{9BF645DF-4F94-41C9-9413-C589A4153B91}.Debug|x64.Build.0 = Debug|Any CPU
		{9BF645DF-4F94-41C9-9413-C589A4153B91}.Debug|x86.ActiveCfg = Debug|Any CPU
		{9BF645DF-4F94-41C9-9413-C589A4153B91}.Debug|x86.Build.0 = Debug|Any CPU
		{9BF645DF-4F94-41C9-9413-C589A4153B91}.Release|Any CPU.ActiveCfg = Release|Any CPU
		{9BF645DF-4F94-41C9-9413-C589A4153B91}.Release|Any CPU.Build.0 = Release|Any CPU
		{9BF645DF-4F94-41C9-9413-C589A4153B91}.Release|x64.ActiveCfg = Release|Any CPU
		{9BF645DF-4F94-41C9-9413-C589A4153B91}.Release|x64.Build.0 = Release|Any CPU
		{9BF645DF-4F94-41C9-9413-C589A4153B91}.Release|x86.ActiveCfg = Release|Any CPU
		{9BF645DF-4F94-41C9-9413-C589A4153B91}.Release|x86.Build.0 = Release|Any CPU
		{88D193C7-9A21-45D2-8CC2-47BADA750CB2}.Debug|Any CPU.ActiveCfg = Debug|Any CPU
		{88D193C7-9A21-45D2-8CC2-47BADA750CB2}.Debug|Any CPU.Build.0 = Debug|Any CPU
		{88D193C7-9A21-45D2-8CC2-47BADA750CB2}.Debug|x64.ActiveCfg = Debug|Any CPU
		{88D193C7-9A21-45D2-8CC2-47BADA750CB2}.Debug|x64.Build.0 = Debug|Any CPU
		{88D193C7-9A21-45D2-8CC2-47BADA750CB2}.Debug|x86.ActiveCfg = Debug|Any CPU
		{88D193C7-9A21-45D2-8CC2-47BADA750CB2}.Debug|x86.Build.0 = Debug|Any CPU
		{88D193C7-9A21-45D2-8CC2-47BADA750CB2}.Release|Any CPU.ActiveCfg = Release|Any CPU
		{88D193C7-9A21-45D2-8CC2-47BADA750CB2}.Release|Any CPU.Build.0 = Release|Any CPU
		{88D193C7-9A21-45D2-8CC2-47BADA750CB2}.Release|x64.ActiveCfg = Release|Any CPU
		{88D193C7-9A21-45D2-8CC2-47BADA750CB2}.Release|x64.Build.0 = Release|Any CPU
		{88D193C7-9A21-45D2-8CC2-47BADA750CB2}.Release|x86.ActiveCfg = Release|Any CPU
		{88D193C7-9A21-45D2-8CC2-47BADA750CB2}.Release|x86.Build.0 = Release|Any CPU
		{4CDEE9F6-9F39-4B8B-ABE5-8748EE4274BC}.Debug|Any CPU.ActiveCfg = Debug|Any CPU
		{4CDEE9F6-9F39-4B8B-ABE5-8748EE4274BC}.Debug|Any CPU.Build.0 = Debug|Any CPU
		{4CDEE9F6-9F39-4B8B-ABE5-8748EE4274BC}.Debug|x64.ActiveCfg = Debug|Any CPU
		{4CDEE9F6-9F39-4B8B-ABE5-8748EE4274BC}.Debug|x64.Build.0 = Debug|Any CPU
		{4CDEE9F6-9F39-4B8B-ABE5-8748EE4274BC}.Debug|x86.ActiveCfg = Debug|Any CPU
		{4CDEE9F6-9F39-4B8B-ABE5-8748EE4274BC}.Debug|x86.Build.0 = Debug|Any CPU
		{4CDEE9F6-9F39-4B8B-ABE5-8748EE4274BC}.Release|Any CPU.ActiveCfg = Release|Any CPU
		{4CDEE9F6-9F39-4B8B-ABE5-8748EE4274BC}.Release|Any CPU.Build.0 = Release|Any CPU
		{4CDEE9F6-9F39-4B8B-ABE5-8748EE4274BC}.Release|x64.ActiveCfg = Release|Any CPU
		{4CDEE9F6-9F39-4B8B-ABE5-8748EE4274BC}.Release|x64.Build.0 = Release|Any CPU
		{4CDEE9F6-9F39-4B8B-ABE5-8748EE4274BC}.Release|x86.ActiveCfg = Release|Any CPU
		{4CDEE9F6-9F39-4B8B-ABE5-8748EE4274BC}.Release|x86.Build.0 = Release|Any CPU
		{B7B06296-397C-46F5-A543-930255997EDD}.Debug|Any CPU.ActiveCfg = Debug|Any CPU
		{B7B06296-397C-46F5-A543-930255997EDD}.Debug|Any CPU.Build.0 = Debug|Any CPU
		{B7B06296-397C-46F5-A543-930255997EDD}.Debug|x64.ActiveCfg = Debug|Any CPU
		{B7B06296-397C-46F5-A543-930255997EDD}.Debug|x64.Build.0 = Debug|Any CPU
		{B7B06296-397C-46F5-A543-930255997EDD}.Debug|x86.ActiveCfg = Debug|Any CPU
		{B7B06296-397C-46F5-A543-930255997EDD}.Debug|x86.Build.0 = Debug|Any CPU
		{B7B06296-397C-46F5-A543-930255997EDD}.Release|Any CPU.ActiveCfg = Release|Any CPU
		{B7B06296-397C-46F5-A543-930255997EDD}.Release|Any CPU.Build.0 = Release|Any CPU
		{B7B06296-397C-46F5-A543-930255997EDD}.Release|x64.ActiveCfg = Release|Any CPU
		{B7B06296-397C-46F5-A543-930255997EDD}.Release|x64.Build.0 = Release|Any CPU
		{B7B06296-397C-46F5-A543-930255997EDD}.Release|x86.ActiveCfg = Release|Any CPU
		{B7B06296-397C-46F5-A543-930255997EDD}.Release|x86.Build.0 = Release|Any CPU
		{F59CDD0C-0053-4B2A-B785-0BDA4CC239AC}.Debug|Any CPU.ActiveCfg = Debug|Any CPU
		{F59CDD0C-0053-4B2A-B785-0BDA4CC239AC}.Debug|Any CPU.Build.0 = Debug|Any CPU
		{F59CDD0C-0053-4B2A-B785-0BDA4CC239AC}.Debug|x64.ActiveCfg = Debug|Any CPU
		{F59CDD0C-0053-4B2A-B785-0BDA4CC239AC}.Debug|x64.Build.0 = Debug|Any CPU
		{F59CDD0C-0053-4B2A-B785-0BDA4CC239AC}.Debug|x86.ActiveCfg = Debug|Any CPU
		{F59CDD0C-0053-4B2A-B785-0BDA4CC239AC}.Debug|x86.Build.0 = Debug|Any CPU
		{F59CDD0C-0053-4B2A-B785-0BDA4CC239AC}.Release|Any CPU.ActiveCfg = Release|Any CPU
		{F59CDD0C-0053-4B2A-B785-0BDA4CC239AC}.Release|Any CPU.Build.0 = Release|Any CPU
		{F59CDD0C-0053-4B2A-B785-0BDA4CC239AC}.Release|x64.ActiveCfg = Release|Any CPU
		{F59CDD0C-0053-4B2A-B785-0BDA4CC239AC}.Release|x64.Build.0 = Release|Any CPU
		{F59CDD0C-0053-4B2A-B785-0BDA4CC239AC}.Release|x86.ActiveCfg = Release|Any CPU
		{F59CDD0C-0053-4B2A-B785-0BDA4CC239AC}.Release|x86.Build.0 = Release|Any CPU
		{39897CD0-D982-42DA-9DCF-54E175DBFA9A}.Debug|Any CPU.ActiveCfg = Debug|Any CPU
		{39897CD0-D982-42DA-9DCF-54E175DBFA9A}.Debug|Any CPU.Build.0 = Debug|Any CPU
		{39897CD0-D982-42DA-9DCF-54E175DBFA9A}.Debug|x64.ActiveCfg = Debug|Any CPU
		{39897CD0-D982-42DA-9DCF-54E175DBFA9A}.Debug|x64.Build.0 = Debug|Any CPU
		{39897CD0-D982-42DA-9DCF-54E175DBFA9A}.Debug|x86.ActiveCfg = Debug|Any CPU
		{39897CD0-D982-42DA-9DCF-54E175DBFA9A}.Debug|x86.Build.0 = Debug|Any CPU
		{39897CD0-D982-42DA-9DCF-54E175DBFA9A}.Release|Any CPU.ActiveCfg = Release|Any CPU
		{39897CD0-D982-42DA-9DCF-54E175DBFA9A}.Release|Any CPU.Build.0 = Release|Any CPU
		{39897CD0-D982-42DA-9DCF-54E175DBFA9A}.Release|x64.ActiveCfg = Release|Any CPU
		{39897CD0-D982-42DA-9DCF-54E175DBFA9A}.Release|x64.Build.0 = Release|Any CPU
		{39897CD0-D982-42DA-9DCF-54E175DBFA9A}.Release|x86.ActiveCfg = Release|Any CPU
		{39897CD0-D982-42DA-9DCF-54E175DBFA9A}.Release|x86.Build.0 = Release|Any CPU
		{33A703D1-91BB-4D38-8F83-9C2E12D277A4}.Debug|Any CPU.ActiveCfg = Debug|Any CPU
		{33A703D1-91BB-4D38-8F83-9C2E12D277A4}.Debug|Any CPU.Build.0 = Debug|Any CPU
		{33A703D1-91BB-4D38-8F83-9C2E12D277A4}.Debug|x64.ActiveCfg = Debug|Any CPU
		{33A703D1-91BB-4D38-8F83-9C2E12D277A4}.Debug|x64.Build.0 = Debug|Any CPU
		{33A703D1-91BB-4D38-8F83-9C2E12D277A4}.Debug|x86.ActiveCfg = Debug|Any CPU
		{33A703D1-91BB-4D38-8F83-9C2E12D277A4}.Debug|x86.Build.0 = Debug|Any CPU
		{33A703D1-91BB-4D38-8F83-9C2E12D277A4}.Release|Any CPU.ActiveCfg = Release|Any CPU
		{33A703D1-91BB-4D38-8F83-9C2E12D277A4}.Release|Any CPU.Build.0 = Release|Any CPU
		{33A703D1-91BB-4D38-8F83-9C2E12D277A4}.Release|x64.ActiveCfg = Release|Any CPU
		{33A703D1-91BB-4D38-8F83-9C2E12D277A4}.Release|x64.Build.0 = Release|Any CPU
		{33A703D1-91BB-4D38-8F83-9C2E12D277A4}.Release|x86.ActiveCfg = Release|Any CPU
		{33A703D1-91BB-4D38-8F83-9C2E12D277A4}.Release|x86.Build.0 = Release|Any CPU
	EndGlobalSection
	GlobalSection(SolutionProperties) = preSolution
		HideSolutionNode = FALSE
	EndGlobalSection
	GlobalSection(NestedProjects) = preSolution
		{6CA6DB92-E958-40CA-A2B8-4AD16D540C0A} = {310A580B-7130-4D07-B2BF-7C6CDBC1B24B}
		{06C5D101-E1C9-4DE6-BDF3-4D081D62CED6} = {310A580B-7130-4D07-B2BF-7C6CDBC1B24B}
		{88D193C7-9A21-45D2-8CC2-47BADA750CB2} = {310A580B-7130-4D07-B2BF-7C6CDBC1B24B}
		{4CDEE9F6-9F39-4B8B-ABE5-8748EE4274BC} = {310A580B-7130-4D07-B2BF-7C6CDBC1B24B}
		{F59CDD0C-0053-4B2A-B785-0BDA4CC239AC} = {310A580B-7130-4D07-B2BF-7C6CDBC1B24B}
	EndGlobalSection
	GlobalSection(ExtensibilityGlobals) = postSolution
		SolutionGuid = {57F1849D-FC6E-4645-92A9-C35EE0BC964E}
	EndGlobalSection
EndGlobal
